
Microsoft Visual Studio Solution File, Format Version 12.00
# Visual Studio Version 16
VisualStudioVersion = 16.0.29326.143
MinimumVisualStudioVersion = 10.0.40219.1
Project("{FAE04EC0-301F-11D3-BF4B-00C04F79EFBC}") = "MessageGenerator", "MessageGenerator.csproj", "{7D0CDE19-54C1-45E2-82C4-006F718415AD}"
EndProject
Global
	GlobalSection(SolutionConfigurationPlatforms) = preSolution
		Debug|Any CPU = Debug|Any CPU
		Release|Any CPU = Release|Any CPU
	EndGlobalSection
	GlobalSection(ProjectConfigurationPlatforms) = postSolution
		{7D0CDE19-54C1-45E2-82C4-006F718415AD}.Debug|Any CPU.ActiveCfg = Debug|Any CPU
		{7D0CDE19-54C1-45E2-82C4-006F718415AD}.Debug|Any CPU.Build.0 = Debug|Any CPU
		{7D0CDE19-54C1-45E2-82C4-006F718415AD}.Release|Any CPU.ActiveCfg = Release|Any CPU
		{7D0CDE19-54C1-45E2-82C4-006F718415AD}.Release|Any CPU.Build.0 = Release|Any CPU
	EndGlobalSection
	GlobalSection(SolutionProperties) = preSolution
		HideSolutionNode = FALSE
	EndGlobalSection
	GlobalSection(ExtensibilityGlobals) = postSolution
		SolutionGuid = {8801AF15-C277-45ED-A11A-ACF9C299D261}
	EndGlobalSection
EndGlobal
