
Microsoft Visual Studio Solution File, Format Version 12.00
# Visual Studio Version 16
VisualStudioVersion = 16.0.29326.143
MinimumVisualStudioVersion = 10.0.40219.1
Project("{FAE04EC0-301F-11D3-BF4B-00C04F79EFBC}") = "MessageProcessor", "MessageProcessor.csproj", "{C234A9FA-28F9-444C-8043-F82A6EEA87F2}"
EndProject
Global
	GlobalSection(SolutionConfigurationPlatforms) = preSolution
		Debug|Any CPU = Debug|Any CPU
		Release|Any CPU = Release|Any CPU
	EndGlobalSection
	GlobalSection(ProjectConfigurationPlatforms) = postSolution
		{C234A9FA-28F9-444C-8043-F82A6EEA87F2}.Debug|Any CPU.ActiveCfg = Debug|Any CPU
		{C234A9FA-28F9-444C-8043-F82A6EEA87F2}.Debug|Any CPU.Build.0 = Debug|Any CPU
		{C234A9FA-28F9-444C-8043-F82A6EEA87F2}.Release|Any CPU.ActiveCfg = Release|Any CPU
		{C234A9FA-28F9-444C-8043-F82A6EEA87F2}.Release|Any CPU.Build.0 = Release|Any CPU
	EndGlobalSection
	GlobalSection(SolutionProperties) = preSolution
		HideSolutionNode = FALSE
	EndGlobalSection
	GlobalSection(ExtensibilityGlobals) = postSolution
		SolutionGuid = {5891DC3A-E742-4600-9053-1B7B30BA081D}
	EndGlobalSection
EndGlobal
